
Microsoft Visual Studio Solution File, Format Version 12.00
# Visual Studio 15
VisualStudioVersion = 15.0.26430.16
MinimumVisualStudioVersion = 10.0.40219.1
Project("{2150E333-8FDC-42A3-9474-1A3956D46DE8}") = "External", "External", "{D89F6E83-46E1-4C58-8794-B12E7E21B88D}"
	ProjectSection(SolutionItems) = preProject
		External\NDde\NDde.dll = External\NDde\NDde.dll
		External\NDde\NDde.xml = External\NDde\NDde.xml
	EndProjectSection
EndProject
Project("{FAE04EC0-301F-11D3-BF4B-00C04F79EFBC}") = "DdeExcelTableServer", "DdeExcelTableServer\DdeExcelTableServer.csproj", "{F281BB8C-4E2A-431E-A42C-009DD9FE53C3}"
EndProject
Project("{FAE04EC0-301F-11D3-BF4B-00C04F79EFBC}") = "ConsoleSample", "ConsoleSample\ConsoleSample.csproj", "{C7574EA5-4EAF-42E3-BDD3-556D2E300691}"
EndProject
Global
	GlobalSection(SolutionConfigurationPlatforms) = preSolution
		Debug|Any CPU = Debug|Any CPU
		Release|Any CPU = Release|Any CPU
	EndGlobalSection
	GlobalSection(ProjectConfigurationPlatforms) = postSolution
		{F281BB8C-4E2A-431E-A42C-009DD9FE53C3}.Debug|Any CPU.ActiveCfg = Debug|Any CPU
		{F281BB8C-4E2A-431E-A42C-009DD9FE53C3}.Debug|Any CPU.Build.0 = Debug|Any CPU
		{F281BB8C-4E2A-431E-A42C-009DD9FE53C3}.Release|Any CPU.ActiveCfg = Release|Any CPU
		{F281BB8C-4E2A-431E-A42C-009DD9FE53C3}.Release|Any CPU.Build.0 = Release|Any CPU
		{C7574EA5-4EAF-42E3-BDD3-556D2E300691}.Debug|Any CPU.ActiveCfg = Debug|Any CPU
		{C7574EA5-4EAF-42E3-BDD3-556D2E300691}.Debug|Any CPU.Build.0 = Debug|Any CPU
		{C7574EA5-4EAF-42E3-BDD3-556D2E300691}.Release|Any CPU.ActiveCfg = Release|Any CPU
		{C7574EA5-4EAF-42E3-BDD3-556D2E300691}.Release|Any CPU.Build.0 = Release|Any CPU
	EndGlobalSection
	GlobalSection(SolutionProperties) = preSolution
		HideSolutionNode = FALSE
	EndGlobalSection
EndGlobal
